// !$*UTF8*$!
{
	archiveVersion = 1;
	classes = {
	};
	objectVersion = 50;
	objects = {

/* Begin PBXBuildFile section */
		796478720569764EE206FD3C /* Pods_whaFlower.framework in Frameworks */ = {isa = PBXBuildFile; fileRef = 4F4B37F0EB5917DC1A3BFEBD /* Pods_whaFlower.framework */; };
		7DC8E93E2192880A004FF0D0 /* AppDelegate.swift in Sources */ = {isa = PBXBuildFile; fileRef = 7DC8E93D2192880A004FF0D0 /* AppDelegate.swift */; };
		7DC8E9402192880A004FF0D0 /* ViewController.swift in Sources */ = {isa = PBXBuildFile; fileRef = 7DC8E93F2192880A004FF0D0 /* ViewController.swift */; };
		7DC8E9432192880B004FF0D0 /* Main.storyboard in Resources */ = {isa = PBXBuildFile; fileRef = 7DC8E9412192880B004FF0D0 /* Main.storyboard */; };
		7DC8E9452192880D004FF0D0 /* Assets.xcassets in Resources */ = {isa = PBXBuildFile; fileRef = 7DC8E9442192880D004FF0D0 /* Assets.xcassets */; };
		7DC8E9482192880D004FF0D0 /* LaunchScreen.storyboard in Resources */ = {isa = PBXBuildFile; fileRef = 7DC8E9462192880D004FF0D0 /* LaunchScreen.storyboard */; };
		7DC8E95021928849004FF0D0 /* FlowerClassifier.mlmodel in Sources */ = {isa = PBXBuildFile; fileRef = 7DC8E94F21928849004FF0D0 /* FlowerClassifier.mlmodel */; };
/* End PBXBuildFile section */

/* Begin PBXFileReference section */
		4F4B37F0EB5917DC1A3BFEBD /* Pods_whaFlower.framework */ = {isa = PBXFileReference; explicitFileType = wrapper.framework; includeInIndex = 0; path = Pods_whaFlower.framework; sourceTree = BUILT_PRODUCTS_DIR; };
		7DC8E93A2192880A004FF0D0 /* whaFlower.app */ = {isa = PBXFileReference; explicitFileType = wrapper.application; includeInIndex = 0; path = whaFlower.app; sourceTree = BUILT_PRODUCTS_DIR; };
		7DC8E93D2192880A004FF0D0 /* AppDelegate.swift */ = {isa = PBXFileReference; lastKnownFileType = sourcecode.swift; path = AppDelegate.swift; sourceTree = "<group>"; };
		7DC8E93F2192880A004FF0D0 /* ViewController.swift */ = {isa = PBXFileReference; lastKnownFileType = sourcecode.swift; path = ViewController.swift; sourceTree = "<group>"; };
		7DC8E9422192880B004FF0D0 /* Base */ = {isa = PBXFileReference; lastKnownFileType = file.storyboard; name = Base; path = Base.lproj/Main.storyboard; sourceTree = "<group>"; };
		7DC8E9442192880D004FF0D0 /* Assets.xcassets */ = {isa = PBXFileReference; lastKnownFileType = folder.assetcatalog; path = Assets.xcassets; sourceTree = "<group>"; };
		7DC8E9472192880D004FF0D0 /* Base */ = {isa = PBXFileReference; lastKnownFileType = file.storyboard; name = Base; path = Base.lproj/LaunchScreen.storyboard; sourceTree = "<group>"; };
		7DC8E9492192880D004FF0D0 /* Info.plist */ = {isa = PBXFileReference; lastKnownFileType = text.plist.xml; path = Info.plist; sourceTree = "<group>"; };
		7DC8E94F21928849004FF0D0 /* FlowerClassifier.mlmodel */ = {isa = PBXFileReference; lastKnownFileType = file.mlmodel; path = FlowerClassifier.mlmodel; sourceTree = "<group>"; };
		C74440174B1790CF01078DE0 /* Pods-whaFlower.release.xcconfig */ = {isa = PBXFileReference; includeInIndex = 1; lastKnownFileType = text.xcconfig; name = "Pods-whaFlower.release.xcconfig"; path = "Pods/Target Support Files/Pods-whaFlower/Pods-whaFlower.release.xcconfig"; sourceTree = "<group>"; };
		CE6F47132EC4DD4A90C37F73 /* Pods-whaFlower.debug.xcconfig */ = {isa = PBXFileReference; includeInIndex = 1; lastKnownFileType = text.xcconfig; name = "Pods-whaFlower.debug.xcconfig"; path = "Pods/Target Support Files/Pods-whaFlower/Pods-whaFlower.debug.xcconfig"; sourceTree = "<group>"; };
/* End PBXFileReference section */

/* Begin PBXFrameworksBuildPhase section */
		7DC8E9372192880A004FF0D0 /* Frameworks */ = {
			isa = PBXFrameworksBuildPhase;
			buildActionMask = 2147483647;
			files = (
				796478720569764EE206FD3C /* Pods_whaFlower.framework in Frameworks */,
			);
			runOnlyForDeploymentPostprocessing = 0;
		};
/* End PBXFrameworksBuildPhase section */

/* Begin PBXGroup section */
		61024C14247094F7C9496F7F /* Frameworks */ = {
			isa = PBXGroup;
			children = (
				4F4B37F0EB5917DC1A3BFEBD /* Pods_whaFlower.framework */,
			);
			name = Frameworks;
			sourceTree = "<group>";
		};
		7DC8E9312192880A004FF0D0 = {
			isa = PBXGroup;
			children = (
				7DC8E93C2192880A004FF0D0 /* whaFlower */,
				7DC8E93B2192880A004FF0D0 /* Products */,
				9026B349AB7D51B102967FA9 /* Pods */,
				61024C14247094F7C9496F7F /* Frameworks */,
			);
			sourceTree = "<group>";
		};
		7DC8E93B2192880A004FF0D0 /* Products */ = {
			isa = PBXGroup;
			children = (
				7DC8E93A2192880A004FF0D0 /* whaFlower.app */,
			);
			name = Products;
			sourceTree = "<group>";
		};
		7DC8E93C2192880A004FF0D0 /* whaFlower */ = {
			isa = PBXGroup;
			children = (
				7DC8E93D2192880A004FF0D0 /* AppDelegate.swift */,
				7DC8E93F2192880A004FF0D0 /* ViewController.swift */,
				7DC8E9412192880B004FF0D0 /* Main.storyboard */,
				7DC8E9442192880D004FF0D0 /* Assets.xcassets */,
				7DC8E9462192880D004FF0D0 /* LaunchScreen.storyboard */,
				7DC8E9492192880D004FF0D0 /* Info.plist */,
				7DC8E94F21928849004FF0D0 /* FlowerClassifier.mlmodel */,
			);
			path = whaFlower;
			sourceTree = "<group>";
		};
		9026B349AB7D51B102967FA9 /* Pods */ = {
			isa = PBXGroup;
			children = (
				CE6F47132EC4DD4A90C37F73 /* Pods-whaFlower.debug.xcconfig */,
				C74440174B1790CF01078DE0 /* Pods-whaFlower.release.xcconfig */,
			);
			name = Pods;
			sourceTree = "<group>";
		};
/* End PBXGroup section */

/* Begin PBXNativeTarget section */
		7DC8E9392192880A004FF0D0 /* whaFlower */ = {
			isa = PBXNativeTarget;
			buildConfigurationList = 7DC8E94C2192880D004FF0D0 /* Build configuration list for PBXNativeTarget "whaFlower" */;
			buildPhases = (
				2325ED6EC67D7A5E69F28244 /* [CP] Check Pods Manifest.lock */,
				7DC8E9362192880A004FF0D0 /* Sources */,
				7DC8E9372192880A004FF0D0 /* Frameworks */,
				7DC8E9382192880A004FF0D0 /* Resources */,
				46D0FE18AC2E43D4505B9789 /* [CP] Embed Pods Frameworks */,
			);
			buildRules = (
			);
			dependencies = (
			);
			name = whaFlower;
			productName = whaFlower;
			productReference = 7DC8E93A2192880A004FF0D0 /* whaFlower.app */;
			productType = "com.apple.product-type.application";
		};
/* End PBXNativeTarget section */

/* Begin PBXProject section */
		7DC8E9322192880A004FF0D0 /* Project object */ = {
			isa = PBXProject;
			attributes = {
				LastSwiftUpdateCheck = 1000;
				LastUpgradeCheck = 1000;
				ORGANIZATIONNAME = "mohamed hashem";
				TargetAttributes = {
					7DC8E9392192880A004FF0D0 = {
						CreatedOnToolsVersion = 10.0;
					};
				};
			};
			buildConfigurationList = 7DC8E9352192880A004FF0D0 /* Build configuration list for PBXProject "whaFlower" */;
			compatibilityVersion = "Xcode 9.3";
			developmentRegion = en;
			hasScannedForEncodings = 0;
			knownRegions = (
				en,
				Base,
			);
			mainGroup = 7DC8E9312192880A004FF0D0;
			productRefGroup = 7DC8E93B2192880A004FF0D0 /* Products */;
			projectDirPath = "";
			projectRoot = "";
			targets = (
				7DC8E9392192880A004FF0D0 /* whaFlower */,
			);
		};
/* End PBXProject section */

/* Begin PBXResourcesBuildPhase section */
		7DC8E9382192880A004FF0D0 /* Resources */ = {
			isa = PBXResourcesBuildPhase;
			buildActionMask = 2147483647;
			files = (
				7DC8E9482192880D004FF0D0 /* LaunchScreen.storyboard in Resources */,
				7DC8E9452192880D004FF0D0 /* Assets.xcassets in Resources */,
				7DC8E9432192880B004FF0D0 /* Main.storyboard in Resources */,
			);
			runOnlyForDeploymentPostprocessing = 0;
		};
/* End PBXResourcesBuildPhase section */

/* Begin PBXShellScriptBuildPhase section */
		2325ED6EC67D7A5E69F28244 /* [CP] Check Pods Manifest.lock */ = {
			isa = PBXShellScriptBuildPhase;
			buildActionMask = 2147483647;
			files = (
			);
			inputFileListPaths = (
			);
			inputPaths = (
				"${PODS_PODFILE_DIR_PATH}/Podfile.lock",
				"${PODS_ROOT}/Manifest.lock",
			);
			name = "[CP] Check Pods Manifest.lock";
			outputFileListPaths = (
			);
			outputPaths = (
				"$(DERIVED_FILE_DIR)/Pods-whaFlower-checkManifestLockResult.txt",
			);
			runOnlyForDeploymentPostprocessing = 0;
			shellPath = /bin/sh;
			shellScript = "diff \"${PODS_PODFILE_DIR_PATH}/Podfile.lock\" \"${PODS_ROOT}/Manifest.lock\" > /dev/null\nif [ $? != 0 ] ; then\n    # print error to STDERR\n    echo \"error: The sandbox is not in sync with the Podfile.lock. Run 'pod install' or update your CocoaPods installation.\" >&2\n    exit 1\nfi\n# This output is used by Xcode 'outputs' to avoid re-running this script phase.\necho \"SUCCESS\" > \"${SCRIPT_OUTPUT_FILE_0}\"\n";
			showEnvVarsInLog = 0;
		};
		46D0FE18AC2E43D4505B9789 /* [CP] Embed Pods Frameworks */ = {
			isa = PBXShellScriptBuildPhase;
			buildActionMask = 2147483647;
			files = (
			);
			inputFileListPaths = (
			);
			inputPaths = (
				"${SRCROOT}/Pods/Target Support Files/Pods-whaFlower/Pods-whaFlower-frameworks.sh",
				"${BUILT_PRODUCTS_DIR}/Alamofire/Alamofire.framework",
				"${BUILT_PRODUCTS_DIR}/SDWebImage/SDWebImage.framework",
				"${BUILT_PRODUCTS_DIR}/SwiftyJSON/SwiftyJSON.framework",
			);
			name = "[CP] Embed Pods Frameworks";
			outputFileListPaths = (
			);
			outputPaths = (
				"${TARGET_BUILD_DIR}/${FRAMEWORKS_FOLDER_PATH}/Alamofire.framework",
				"${TARGET_BUILD_DIR}/${FRAMEWORKS_FOLDER_PATH}/SDWebImage.framework",
				"${TARGET_BUILD_DIR}/${FRAMEWORKS_FOLDER_PATH}/SwiftyJSON.framework",
			);
			runOnlyForDeploymentPostprocessing = 0;
			shellPath = /bin/sh;
			shellScript = "\"${SRCROOT}/Pods/Target Support Files/Pods-whaFlower/Pods-whaFlower-frameworks.sh\"\n";
			showEnvVarsInLog = 0;
		};
/* End PBXShellScriptBuildPhase section */

/* Begin PBXSourcesBuildPhase section */
		7DC8E9362192880A004FF0D0 /* Sources */ = {
			isa = PBXSourcesBuildPhase;
			buildActionMask = 2147483647;
			files = (
				7DC8E95021928849004FF0D0 /* FlowerClassifier.mlmodel in Sources */,
				7DC8E9402192880A004FF0D0 /* ViewController.swift in Sources */,
				7DC8E93E2192880A004FF0D0 /* AppDelegate.swift in Sources */,
			);
			runOnlyForDeploymentPostprocessing = 0;
		};
/* End PBXSourcesBuildPhase section */

/* Begin PBXVariantGroup section */
		7DC8E9412192880B004FF0D0 /* Main.storyboard */ = {
			isa = PBXVariantGroup;
			children = (
				7DC8E9422192880B004FF0D0 /* Base */,
			);
			name = Main.storyboard;
			sourceTree = "<group>";
		};
		7DC8E9462192880D004FF0D0 /* LaunchScreen.storyboard */ = {
			isa = PBXVariantGroup;
			children = (
				7DC8E9472192880D004FF0D0 /* Base */,
			);
			name = LaunchScreen.storyboard;
			sourceTree = "<group>";
		};
/* End PBXVariantGroup section */

/* Begin XCBuildConfiguration section */
		7DC8E94A2192880D004FF0D0 /* Debug */ = {
			isa = XCBuildConfiguration;
			buildSettings = {
				ALWAYS_SEARCH_USER_PATHS = NO;
				CLANG_ANALYZER_NONNULL = YES;
				CLANG_ANALYZER_NUMBER_OBJECT_CONVERSION = YES_AGGRESSIVE;
				CLANG_CXX_LANGUAGE_STANDARD = "gnu++14";
				CLANG_CXX_LIBRARY = "libc++";
				CLANG_ENABLE_MODULES = YES;
				CLANG_ENABLE_OBJC_ARC = YES;
				CLANG_ENABLE_OBJC_WEAK = YES;
				CLANG_WARN_BLOCK_CAPTURE_AUTORELEASING = YES;
				CLANG_WARN_BOOL_CONVERSION = YES;
				CLANG_WARN_COMMA = YES;
				CLANG_WARN_CONSTANT_CONVERSION = YES;
				CLANG_WARN_DEPRECATED_OBJC_IMPLEMENTATIONS = YES;
				CLANG_WARN_DIRECT_OBJC_ISA_USAGE = YES_ERROR;
				CLANG_WARN_DOCUMENTATION_COMMENTS = YES;
				CLANG_WARN_EMPTY_BODY = YES;
				CLANG_WARN_ENUM_CONVERSION = YES;
				CLANG_WARN_INFINITE_RECURSION = YES;
				CLANG_WARN_INT_CONVERSION = YES;
				CLANG_WARN_NON_LITERAL_NULL_CONVERSION = YES;
				CLANG_WARN_OBJC_IMPLICIT_RETAIN_SELF = YES;
				CLANG_WARN_OBJC_LITERAL_CONVERSION = YES;
				CLANG_WARN_OBJC_ROOT_CLASS = YES_ERROR;
				CLANG_WARN_RANGE_LOOP_ANALYSIS = YES;
				CLANG_WARN_STRICT_PROTOTYPES = YES;
				CLANG_WARN_SUSPICIOUS_MOVE = YES;
				CLANG_WARN_UNGUARDED_AVAILABILITY = YES_AGGRESSIVE;
				CLANG_WARN_UNREACHABLE_CODE = YES;
				CLANG_WARN__DUPLICATE_METHOD_MATCH = YES;
				CODE_SIGN_IDENTITY = "iPhone Developer";
				COPY_PHASE_STRIP = NO;
				DEBUG_INFORMATION_FORMAT = dwarf;
				ENABLE_STRICT_OBJC_MSGSEND = YES;
				ENABLE_TESTABILITY = YES;
				GCC_C_LANGUAGE_STANDARD = gnu11;
				GCC_DYNAMIC_NO_PIC = NO;
				GCC_NO_COMMON_BLOCKS = YES;
				GCC_OPTIMIZATION_LEVEL = 0;
				GCC_PREPROCESSOR_DEFINITIONS = (
					"DEBUG=1",
					"$(inherited)",
				);
				GCC_WARN_64_TO_32_BIT_CONVERSION = YES;
				GCC_WARN_ABOUT_RETURN_TYPE = YES_ERROR;
				GCC_WARN_UNDECLARED_SELECTOR = YES;
				GCC_WARN_UNINITIALIZED_AUTOS = YES_AGGRESSIVE;
				GCC_WARN_UNUSED_FUNCTION = YES;
				GCC_WARN_UNUSED_VARIABLE = YES;
				IPHONEOS_DEPLOYMENT_TARGET = 12.0;
				MTL_ENABLE_DEBUG_INFO = INCLUDE_SOURCE;
				MTL_FAST_MATH = YES;
				ONLY_ACTIVE_ARCH = YES;
				SDKROOT = iphoneos;
				SWIFT_ACTIVE_COMPILATION_CONDITIONS = DEBUG;
				SWIFT_OPTIMIZATION_LEVEL = "-Onone";
			};
			name = Debug;
		};
		7DC8E94B2192880D004FF0D0 /* Release */ = {
			isa = XCBuildConfiguration;
			buildSettings = {
				ALWAYS_SEARCH_USER_PATHS = NO;
				CLANG_ANALYZER_NONNULL = YES;
				CLANG_ANALYZER_NUMBER_OBJECT_CONVERSION = YES_AGGRESSIVE;
				CLANG_CXX_LANGUAGE_STANDARD = "gnu++14";
				CLANG_CXX_LIBRARY = "libc++";
				CLANG_ENABLE_MODULES = YES;
				CLANG_ENABLE_OBJC_ARC = YES;
				CLANG_ENABLE_OBJC_WEAK = YES;
				CLANG_WARN_BLOCK_CAPTURE_AUTORELEASING = YES;
				CLANG_WARN_BOOL_CONVERSION = YES;
				CLANG_WARN_COMMA = YES;
				CLANG_WARN_CONSTANT_CONVERSION = YES;
				CLANG_WARN_DEPRECATED_OBJC_IMPLEMENTATIONS = YES;
				CLANG_WARN_DIRECT_OBJC_ISA_USAGE = YES_ERROR;
				CLANG_WARN_DOCUMENTATION_COMMENTS = YES;
				CLANG_WARN_EMPTY_BODY = YES;
				CLANG_WARN_ENUM_CONVERSION = YES;
				CLANG_WARN_INFINITE_RECURSION = YES;
				CLANG_WARN_INT_CONVERSION = YES;
				CLANG_WARN_NON_LITERAL_NULL_CONVERSION = YES;
				CLANG_WARN_OBJC_IMPLICIT_RETAIN_SELF = YES;
				CLANG_WARN_OBJC_LITERAL_CONVERSION = YES;
				CLANG_WARN_OBJC_ROOT_CLASS = YES_ERROR;
				CLANG_WARN_RANGE_LOOP_ANALYSIS = YES;
				CLANG_WARN_STRICT_PROTOTYPES = YES;
				CLANG_WARN_SUSPICIOUS_MOVE = YES;
				CLANG_WARN_UNGUARDED_AVAILABILITY = YES_AGGRESSIVE;
				CLANG_WARN_UNREACHABLE_CODE = YES;
				CLANG_WARN__DUPLICATE_METHOD_MATCH = YES;
				CODE_SIGN_IDENTITY = "iPhone Developer";
				COPY_PHASE_STRIP = NO;
				DEBUG_INFORMATION_FORMAT = "dwarf-with-dsym";
				ENABLE_NS_ASSERTIONS = NO;
				ENABLE_STRICT_OBJC_MSGSEND = YES;
				GCC_C_LANGUAGE_STANDARD = gnu11;
				GCC_NO_COMMON_BLOCKS = YES;
				GCC_WARN_64_TO_32_BIT_CONVERSION = YES;
				GCC_WARN_ABOUT_RETURN_TYPE = YES_ERROR;
				GCC_WARN_UNDECLARED_SELECTOR = YES;
				GCC_WARN_UNINITIALIZED_AUTOS = YES_AGGRESSIVE;
				GCC_WARN_UNUSED_FUNCTION = YES;
				GCC_WARN_UNUSED_VARIABLE = YES;
				IPHONEOS_DEPLOYMENT_TARGET = 12.0;
				MTL_ENABLE_DEBUG_INFO = NO;
				MTL_FAST_MATH = YES;
				SDKROOT = iphoneos;
				SWIFT_COMPILATION_MODE = wholemodule;
				SWIFT_OPTIMIZATION_LEVEL = "-O";
				VALIDATE_PRODUCT = YES;
			};
			name = Release;
		};
		7DC8E94D2192880D004FF0D0 /* Debug */ = {
			isa = XCBuildConfiguration;
			baseConfigurationReference = CE6F47132EC4DD4A90C37F73 /* Pods-whaFlower.debug.xcconfig */;
			buildSettings = {
				ASSETCATALOG_COMPILER_APPICON_NAME = AppIcon;
				CODE_SIGN_IDENTITY = "iPhone Developer";
				CODE_SIGN_STYLE = Automatic;
				DEVELOPMENT_TEAM = JNP78QVJKX;
				INFOPLIST_FILE = whaFlower/Info.plist;
				LD_RUNPATH_SEARCH_PATHS = (
					"$(inherited)",
					"@executable_path/Frameworks",
				);
				PRODUCT_BUNDLE_IDENTIFIER = MH.whaFlower;
				PRODUCT_NAME = "$(TARGET_NAME)";
				PROVISIONING_PROFILE_SPECIFIER = "";
				SWIFT_VERSION = 4.2;
				TARGETED_DEVICE_FAMILY = "1,2";
			};
			name = Debug;
		};
		7DC8E94E2192880D004FF0D0 /* Release */ = {
			isa = XCBuildConfiguration;
			baseConfigurationReference = C74440174B1790CF01078DE0 /* Pods-whaFlower.release.xcconfig */;
			buildSettings = {
				ASSETCATALOG_COMPILER_APPICON_NAME = AppIcon;
				CODE_SIGN_IDENTITY = "iPhone Developer";
				CODE_SIGN_STYLE = Automatic;
				DEVELOPMENT_TEAM = JNP78QVJKX;
				INFOPLIST_FILE = whaFlower/Info.plist;
				LD_RUNPATH_SEARCH_PATHS = (
					"$(inherited)",
					"@executable_path/Frameworks",
				);
				PRODUCT_BUNDLE_IDENTIFIER = MH.whaFlower;
				PRODUCT_NAME = "$(TARGET_NAME)";
				PROVISIONING_PROFILE_SPECIFIER = "";
				SWIFT_VERSION = 4.2;
				TARGETED_DEVICE_FAMILY = "1,2";
			};
			name = Release;
		};
/* End XCBuildConfiguration section */

/* Begin XCConfigurationList section */
		7DC8E9352192880A004FF0D0 /* Build configuration list for PBXProject "whaFlower" */ = {
			isa = XCConfigurationList;
			buildConfigurations = (
				7DC8E94A2192880D004FF0D0 /* Debug */,
				7DC8E94B2192880D004FF0D0 /* Release */,
			);
			defaultConfigurationIsVisible = 0;
			defaultConfigurationName = Release;
		};
		7DC8E94C2192880D004FF0D0 /* Build configuration list for PBXNativeTarget "whaFlower" */ = {
			isa = XCConfigurationList;
			buildConfigurations = (
				7DC8E94D2192880D004FF0D0 /* Debug */,
				7DC8E94E2192880D004FF0D0 /* Release */,
			);
			defaultConfigurationIsVisible = 0;
			defaultConfigurationName = Release;
		};
/* End XCConfigurationList section */
	};
	rootObject = 7DC8E9322192880A004FF0D0 /* Project object */;
}
